
Microsoft Visual Studio Solution File, Format Version 12.00
# Visual Studio Version 17
VisualStudioVersion = 17.4.33213.308
MinimumVisualStudioVersion = 10.0.40219.1
Project("{FAE04EC0-301F-11D3-BF4B-00C04F79EFBC}") = "BoxSortingTest", "BoxSortingTest\BoxSortingTest.csproj", "{EC90E3EB-1FAF-4AF1-ACA3-068EE7342E48}"
EndProject
Global
	GlobalSection(SolutionConfigurationPlatforms) = preSolution
		Debug|Any CPU = Debug|Any CPU
		Release|Any CPU = Release|Any CPU
	EndGlobalSection
	GlobalSection(ProjectConfigurationPlatforms) = postSolution
		{EC90E3EB-1FAF-4AF1-ACA3-068EE7342E48}.Debug|Any CPU.ActiveCfg = Debug|Any CPU
		{EC90E3EB-1FAF-4AF1-ACA3-068EE7342E48}.Debug|Any CPU.Build.0 = Debug|Any CPU
		{EC90E3EB-1FAF-4AF1-ACA3-068EE7342E48}.Release|Any CPU.ActiveCfg = Release|Any CPU
		{EC90E3EB-1FAF-4AF1-ACA3-068EE7342E48}.Release|Any CPU.Build.0 = Release|Any CPU
	EndGlobalSection
	GlobalSection(SolutionProperties) = preSolution
		HideSolutionNode = FALSE
	EndGlobalSection
	GlobalSection(ExtensibilityGlobals) = postSolution
		SolutionGuid = {997330CE-ADED-4B80-8CDF-0A4944CF4BDB}
	EndGlobalSection
EndGlobal
